// !$*UTF8*$!
{
	archiveVersion = 1;
	classes = {
	};
	objectVersion = 46;
	objects = {

/* Begin PBXBuildFile section */
		7434DC771C8091590015922A /* AppDelegate.swift in Sources */ = {isa = PBXBuildFile; fileRef = 7434DC761C8091590015922A /* AppDelegate.swift */; };
		7434DC791C8091590015922A /* ViewController.swift in Sources */ = {isa = PBXBuildFile; fileRef = 7434DC781C8091590015922A /* ViewController.swift */; };
		7434DC7C1C8091590015922A /* Main.storyboard in Resources */ = {isa = PBXBuildFile; fileRef = 7434DC7A1C8091590015922A /* Main.storyboard */; };
		7434DC7E1C8091590015922A /* Assets.xcassets in Resources */ = {isa = PBXBuildFile; fileRef = 7434DC7D1C8091590015922A /* Assets.xcassets */; };
		7434DC811C8091590015922A /* LaunchScreen.storyboard in Resources */ = {isa = PBXBuildFile; fileRef = 7434DC7F1C8091590015922A /* LaunchScreen.storyboard */; };
/* End PBXBuildFile section */

/* Begin PBXFileReference section */
		7434DC731C8091590015922A /* day-2-swift.app */ = {isa = PBXFileReference; explicitFileType = wrapper.application; includeInIndex = 0; path = "day-2-swift.app"; sourceTree = BUILT_PRODUCTS_DIR; };
		7434DC761C8091590015922A /* AppDelegate.swift */ = {isa = PBXFileReference; lastKnownFileType = sourcecode.swift; path = AppDelegate.swift; sourceTree = "<group>"; };
		7434DC781C8091590015922A /* ViewController.swift */ = {isa = PBXFileReference; lastKnownFileType = sourcecode.swift; path = ViewController.swift; sourceTree = "<group>"; };
		7434DC7B1C8091590015922A /* Base */ = {isa = PBXFileReference; lastKnownFileType = file.storyboard; name = Base; path = Base.lproj/Main.storyboard; sourceTree = "<group>"; };
		7434DC7D1C8091590015922A /* Assets.xcassets */ = {isa = PBXFileReference; lastKnownFileType = folder.assetcatalog; path = Assets.xcassets; sourceTree = "<group>"; };
		7434DC801C8091590015922A /* Base */ = {isa = PBXFileReference; lastKnownFileType = file.storyboard; name = Base; path = Base.lproj/LaunchScreen.storyboard; sourceTree = "<group>"; };
		7434DC821C8091590015922A /* Info.plist */ = {isa = PBXFileReference; lastKnownFileType = text.plist.xml; path = Info.plist; sourceTree = "<group>"; };
/* End PBXFileReference section */

/* Begin PBXFrameworksBuildPhase section */
		7434DC701C8091590015922A /* Frameworks */ = {
			isa = PBXFrameworksBuildPhase;
			buildActionMask = 2147483647;
			files = (
			);
			runOnlyForDeploymentPostprocessing = 0;
		};
/* End PBXFrameworksBuildPhase section */

/* Begin PBXGroup section */
		7434DC6A1C8091590015922A = {
			isa = PBXGroup;
			children = (
				7434DC751C8091590015922A /* day-2-swift */,
				7434DC741C8091590015922A /* Products */,
			);
			sourceTree = "<group>";
		};
		7434DC741C8091590015922A /* Products */ = {
			isa = PBXGroup;
			children = (
				7434DC731C8091590015922A /* day-2-swift.app */,
			);
			name = Products;
			sourceTree = "<group>";
		};
		7434DC751C8091590015922A /* day-2-swift */ = {
			isa = PBXGroup;
			children = (
				7434DC761C8091590015922A /* AppDelegate.swift */,
				7434DC781C8091590015922A /* ViewController.swift */,
				7434DC7A1C8091590015922A /* Main.storyboard */,
				7434DC7D1C8091590015922A /* Assets.xcassets */,
				7434DC7F1C8091590015922A /* LaunchScreen.storyboard */,
				7434DC821C8091590015922A /* Info.plist */,
			);
			path = "day-2-swift";
			sourceTree = "<group>";
		};
/* End PBXGroup section */

/* Begin PBXNativeTarget section */
		7434DC721C8091590015922A /* day-2-swift */ = {
			isa = PBXNativeTarget;
			buildConfigurationList = 7434DC851C8091590015922A /* Build configuration list for PBXNativeTarget "day-2-swift" */;
			buildPhases = (
				7434DC6F1C8091590015922A /* Sources */,
				7434DC701C8091590015922A /* Frameworks */,
				7434DC711C8091590015922A /* Resources */,
			);
			buildRules = (
			);
			dependencies = (
			);
			name = "day-2-swift";
			productName = "day-2-swift";
			productReference = 7434DC731C8091590015922A /* day-2-swift.app */;
			productType = "com.apple.product-type.application";
		};
/* End PBXNativeTarget section */

/* Begin PBXProject section */
		7434DC6B1C8091590015922A /* Project object */ = {
			isa = PBXProject;
			attributes = {
				LastSwiftUpdateCheck = 0720;
				LastUpgradeCheck = 0720;
				ORGANIZATIONNAME = "Yeung Yiu Hung";
				TargetAttributes = {
					7434DC721C8091590015922A = {
						CreatedOnToolsVersion = 7.2.1;
					};
				};
			};
			buildConfigurationList = 7434DC6E1C8091590015922A /* Build configuration list for PBXProject "day-2-swift" */;
			compatibilityVersion = "Xcode 3.2";
			developmentRegion = English;
			hasScannedForEncodings = 0;
			knownRegions = (
				en,
				Base,
			);
			mainGroup = 7434DC6A1C8091590015922A;
			productRefGroup = 7434DC741C8091590015922A /* Products */;
			projectDirPath = "";
			projectRoot = "";
			targets = (
				7434DC721C8091590015922A /* day-2-swift */,
			);
		};
/* End PBXProject section */

/* Begin PBXResourcesBuildPhase section */
		7434DC711C8091590015922A /* Resources */ = {
			isa = PBXResourcesBuildPhase;
			buildActionMask = 2147483647;
			files = (
				7434DC811C8091590015922A /* LaunchScreen.storyboard in Resources */,
				7434DC7E1C8091590015922A /* Assets.xcassets in Resources */,
				7434DC7C1C8091590015922A /* Main.storyboard in Resources */,
			);
			runOnlyForDeploymentPostprocessing = 0;
		};
/* End PBXResourcesBuildPhase section */

/* Begin PBXSourcesBuildPhase section */
		7434DC6F1C8091590015922A /* Sources */ = {
			isa = PBXSourcesBuildPhase;
			buildActionMask = 2147483647;
			files = (
				7434DC791C8091590015922A /* ViewController.swift in Sources */,
				7434DC771C8091590015922A /* AppDelegate.swift in Sources */,
			);
			runOnlyForDeploymentPostprocessing = 0;
		};
/* End PBXSourcesBuildPhase section */

/* Begin PBXVariantGroup section */
		7434DC7A1C8091590015922A /* Main.storyboard */ = {
			isa = PBXVariantGroup;
			children = (
				7434DC7B1C8091590015922A /* Base */,
			);
			name = Main.storyboard;
			sourceTree = "<group>";
		};
		7434DC7F1C8091590015922A /* LaunchScreen.storyboard */ = {
			isa = PBXVariantGroup;
			children = (
				7434DC801C8091590015922A /* Base */,
			);
			name = LaunchScreen.storyboard;
			sourceTree = "<group>";
		};
/* End PBXVariantGroup section */

/* Begin XCBuildConfiguration section */
		7434DC831C8091590015922A /* Debug */ = {
			isa = XCBuildConfiguration;
			buildSettings = {
				ALWAYS_SEARCH_USER_PATHS = NO;
				CLANG_CXX_LANGUAGE_STANDARD = "gnu++0x";
				CLANG_CXX_LIBRARY = "libc++";
				CLANG_ENABLE_MODULES = YES;
				CLANG_ENABLE_OBJC_ARC = YES;
				CLANG_WARN_BOOL_CONVERSION = YES;
				CLANG_WARN_CONSTANT_CONVERSION = YES;
				CLANG_WARN_DIRECT_OBJC_ISA_USAGE = YES_ERROR;
				CLANG_WARN_EMPTY_BODY = YES;
				CLANG_WARN_ENUM_CONVERSION = YES;
				CLANG_WARN_INT_CONVERSION = YES;
				CLANG_WARN_OBJC_ROOT_CLASS = YES_ERROR;
				CLANG_WARN_UNREACHABLE_CODE = YES;
				CLANG_WARN__DUPLICATE_METHOD_MATCH = YES;
				"CODE_SIGN_IDENTITY[sdk=iphoneos*]" = "iPhone Developer";
				COPY_PHASE_STRIP = NO;
				DEBUG_INFORMATION_FORMAT = dwarf;
				ENABLE_STRICT_OBJC_MSGSEND = YES;
				ENABLE_TESTABILITY = YES;
				GCC_C_LANGUAGE_STANDARD = gnu99;
				GCC_DYNAMIC_NO_PIC = NO;
				GCC_NO_COMMON_BLOCKS = YES;
				GCC_OPTIMIZATION_LEVEL = 0;
				GCC_PREPROCESSOR_DEFINITIONS = (
					"DEBUG=1",
					"$(inherited)",
				);
				GCC_WARN_64_TO_32_BIT_CONVERSION = YES;
				GCC_WARN_ABOUT_RETURN_TYPE = YES_ERROR;
				GCC_WARN_UNDECLARED_SELECTOR = YES;
				GCC_WARN_UNINITIALIZED_AUTOS = YES_AGGRESSIVE;
				GCC_WARN_UNUSED_FUNCTION = YES;
				GCC_WARN_UNUSED_VARIABLE = YES;
				IPHONEOS_DEPLOYMENT_TARGET = 9.2;
				MTL_ENABLE_DEBUG_INFO = YES;
				ONLY_ACTIVE_ARCH = YES;
				SDKROOT = iphoneos;
				SWIFT_OPTIMIZATION_LEVEL = "-Onone";
			};
			name = Debug;
		};
		7434DC841C8091590015922A /* Release */ = {
			isa = XCBuildConfiguration;
			buildSettings = {
				ALWAYS_SEARCH_USER_PATHS = NO;
				CLANG_CXX_LANGUAGE_STANDARD = "gnu++0x";
				CLANG_CXX_LIBRARY = "libc++";
				CLANG_ENABLE_MODULES = YES;
				CLANG_ENABLE_OBJC_ARC = YES;
				CLANG_WARN_BOOL_CONVERSION = YES;
				CLANG_WARN_CONSTANT_CONVERSION = YES;
				CLANG_WARN_DIRECT_OBJC_ISA_USAGE = YES_ERROR;
				CLANG_WARN_EMPTY_BODY = YES;
				CLANG_WARN_ENUM_CONVERSION = YES;
				CLANG_WARN_INT_CONVERSION = YES;
				CLANG_WARN_OBJC_ROOT_CLASS = YES_ERROR;
				CLANG_WARN_UNREACHABLE_CODE = YES;
				CLANG_WARN__DUPLICATE_METHOD_MATCH = YES;
				"CODE_SIGN_IDENTITY[sdk=iphoneos*]" = "iPhone Developer";
				COPY_PHASE_STRIP = NO;
				DEBUG_INFORMATION_FORMAT = "dwarf-with-dsym";
				ENABLE_NS_ASSERTIONS = NO;
				ENABLE_STRICT_OBJC_MSGSEND = YES;
				GCC_C_LANGUAGE_STANDARD = gnu99;
				GCC_NO_COMMON_BLOCKS = YES;
				GCC_WARN_64_TO_32_BIT_CONVERSION = YES;
				GCC_WARN_ABOUT_RETURN_TYPE = YES_ERROR;
				GCC_WARN_UNDECLARED_SELECTOR = YES;
				GCC_WARN_UNINITIALIZED_AUTOS = YES_AGGRESSIVE;
				GCC_WARN_UNUSED_FUNCTION = YES;
				GCC_WARN_UNUSED_VARIABLE = YES;
				IPHONEOS_DEPLOYMENT_TARGET = 9.2;
				MTL_ENABLE_DEBUG_INFO = NO;
				SDKROOT = iphoneos;
				VALIDATE_PRODUCT = YES;
			};
			name = Release;
		};
		7434DC861C8091590015922A /* Debug */ = {
			isa = XCBuildConfiguration;
			buildSettings = {
				ASSETCATALOG_COMPILER_APPICON_NAME = AppIcon;
				INFOPLIST_FILE = "day-2-swift/Info.plist";
				LD_RUNPATH_SEARCH_PATHS = "$(inherited) @executable_path/Frameworks";
				PRODUCT_BUNDLE_IDENTIFIER = "com.darkcl.day-2-swift";
				PRODUCT_NAME = "$(TARGET_NAME)";
			};
			name = Debug;
		};
		7434DC871C8091590015922A /* Release */ = {
			isa = XCBuildConfiguration;
			buildSettings = {
				ASSETCATALOG_COMPILER_APPICON_NAME = AppIcon;
				INFOPLIST_FILE = "day-2-swift/Info.plist";
				LD_RUNPATH_SEARCH_PATHS = "$(inherited) @executable_path/Frameworks";
				PRODUCT_BUNDLE_IDENTIFIER = "com.darkcl.day-2-swift";
				PRODUCT_NAME = "$(TARGET_NAME)";
			};
			name = Release;
		};
/* End XCBuildConfiguration section */

/* Begin XCConfigurationList section */
		7434DC6E1C8091590015922A /* Build configuration list for PBXProject "day-2-swift" */ = {
			isa = XCConfigurationList;
			buildConfigurations = (
				7434DC831C8091590015922A /* Debug */,
				7434DC841C8091590015922A /* Release */,
			);
			defaultConfigurationIsVisible = 0;
			defaultConfigurationName = Release;
		};
		7434DC851C8091590015922A /* Build configuration list for PBXNativeTarget "day-2-swift" */ = {
			isa = XCConfigurationList;
			buildConfigurations = (
				7434DC861C8091590015922A /* Debug */,
				7434DC871C8091590015922A /* Release */,
			);
			defaultConfigurationIsVisible = 0;
		};
/* End XCConfigurationList section */
	};
	rootObject = 7434DC6B1C8091590015922A /* Project object */;
}
